<?xml version="1.0" encoding="utf-8"?>
<Project ToolsVersion="4.0" xmlns="http://schemas.microsoft.com/developer/msbuild/2003">
  <ItemGroup>
    <Filter Include="Header Files">
      <UniqueIdentifier>{93995380-89BD-4b04-88EB-625FBE52EBFB}</UniqueIdentifier>
      <Extensions>h;hh;hpp;hxx;h++;hm;inl;inc;ipp;xsd</Extensions>
    </Filter>
    <Filter Include="Actors">
      <UniqueIdentifier>{0f0adc2d-df57-4445-94b9-62ee58b8b529}</UniqueIdentifier>
    </Filter>
    <Filter Include="SourceFile">
      <UniqueIdentifier>{dc46f744-5954-4555-9700-6534a60b5737}</UniqueIdentifier>
    </Filter>
  </ItemGroup>
  <ItemGroup>
    <ClCompile Include="Actors\Player.cpp">
      <Filter>Actors</Filter>
    </ClCompile>
    <ClCompile Include="Actors\Enemy.cpp">
      <Filter>Actors</Filter>
    </ClCompile>
    <ClCompile Include="main.cpp">
      <Filter>SourceFile</Filter>
    </ClCompile>
    <ClCompile Include="Actors\Projectile.cpp">
      <Filter>Actors</Filter>
    </ClCompile>
  </ItemGroup>
  <ItemGroup>
    <ClInclude Include="Actors\Player.h">
      <Filter>Actors</Filter>
    </ClInclude>
    <ClInclude Include="Actors\Enemy.h">
      <Filter>Actors</Filter>
    </ClInclude>
    <ClInclude Include="Actors\Projectile.h">
      <Filter>Actors</Filter>
    </ClInclude>
  </ItemGroup>
</Project>