
Microsoft Visual Studio Solution File, Format Version 12.00
# Visual Studio Version 16
VisualStudioVersion = 16.0.29926.136
MinimumVisualStudioVersion = 10.0.40219.1
Project("{8BC9CEB8-8B4A-11D0-8D11-00A0C91BC942}") = "HelloWorld", "HelloWorld\HelloWorld.vcxproj", "{4E61EB11-A3DD-4DE3-BFF8-8CE0F9F7D324}"
EndProject
Project("{8BC9CEB8-8B4A-11D0-8D11-00A0C91BC942}") = "NumberGuess", "NumberGuess\NumberGuess.vcxproj", "{FF80B8FC-D7AB-455D-AB4E-3D2BF5C74022}"
EndProject
Project("{8BC9CEB8-8B4A-11D0-8D11-00A0C91BC942}") = "DataTypes", "DataTypes\DataTypes.vcxproj", "{D4EACD64-24E0-4D3F-9EDE-6BD6589DDAFF}"
EndProject
Project("{8BC9CEB8-8B4A-11D0-8D11-00A0C91BC942}") = "class", "class\class.vcxproj", "{2B4A5F9A-4367-4ABD-A0AE-B9FC14C025BC}"
EndProject
Project("{8BC9CEB8-8B4A-11D0-8D11-00A0C91BC942}") = "Memory", "Memory\Memory.vcxproj", "{5BD41551-78F1-4A7A-972F-42220EAE319D}"
EndProject
Project("{8BC9CEB8-8B4A-11D0-8D11-00A0C91BC942}") = "Amazon", "Amazon\Amazon.vcxproj", "{3393DC1B-DD21-42D8-B99F-1B5E87ACD308}"
EndProject
Project("{8BC9CEB8-8B4A-11D0-8D11-00A0C91BC942}") = "Inheritance", "Inheritance\Inheritance.vcxproj", "{9DB34253-746A-4FE7-A684-A089F59B36EF}"
EndProject
Project("{8BC9CEB8-8B4A-11D0-8D11-00A0C91BC942}") = "Store", "Store\Store.vcxproj", "{2A2DF073-1CF6-4503-8152-1AF4F5D95FF8}"
EndProject
Project("{8BC9CEB8-8B4A-11D0-8D11-00A0C91BC942}") = "Features", "Features\Features.vcxproj", "{1F97F2B1-98B6-4016-8C63-C35C11E3FC93}"
EndProject
Project("{8BC9CEB8-8B4A-11D0-8D11-00A0C91BC942}") = "Containers", "Containers\Containers.vcxproj", "{6B182C6D-058D-453D-BFF7-AA92B6DFE87E}"
EndProject
Project("{8BC9CEB8-8B4A-11D0-8D11-00A0C91BC942}") = "Review", "Review\Review.vcxproj", "{8BC28BF2-CEC8-4676-8F9E-16062990015B}"
EndProject
Project("{8BC9CEB8-8B4A-11D0-8D11-00A0C91BC942}") = "DataStructures", "DataStructures\DataStructures.vcxproj", "{F773B17A-021F-4599-A71E-BB234AF2865C}"
EndProject
Project("{8BC9CEB8-8B4A-11D0-8D11-00A0C91BC942}") = "Misc", "Misc\Misc.vcxproj", "{68840E9D-C544-461C-819C-0AB8C2D1AAC6}"
EndProject
Project("{8BC9CEB8-8B4A-11D0-8D11-00A0C91BC942}") = "CardGame", "CardGame\CardGame.vcxproj", "{E9AAC3F7-61F6-4158-8D71-A207E925F43F}"
EndProject
Project("{8BC9CEB8-8B4A-11D0-8D11-00A0C91BC942}") = "Graphics", "Graphics\Graphics.vcxproj", "{024BD3AF-000D-4DD2-9E22-B87CB47EEFDE}"
EndProject
Project("{8BC9CEB8-8B4A-11D0-8D11-00A0C91BC942}") = "Math", "Math\Math.vcxproj", "{38A3EF49-E860-4FAF-8AC4-6BD9E9DC062E}"
EndProject
Project("{8BC9CEB8-8B4A-11D0-8D11-00A0C91BC942}") = "Game", "Game\Game.vcxproj", "{FC9DDB34-DBC2-4981-BF18-E890BD0912A7}"
EndProject
Global
	GlobalSection(SolutionConfigurationPlatforms) = preSolution
		Debug|x64 = Debug|x64
		Debug|x86 = Debug|x86
		Release|x64 = Release|x64
		Release|x86 = Release|x86
	EndGlobalSection
	GlobalSection(ProjectConfigurationPlatforms) = postSolution
		{4E61EB11-A3DD-4DE3-BFF8-8CE0F9F7D324}.Debug|x64.ActiveCfg = Debug|x64
		{4E61EB11-A3DD-4DE3-BFF8-8CE0F9F7D324}.Debug|x64.Build.0 = Debug|x64
		{4E61EB11-A3DD-4DE3-BFF8-8CE0F9F7D324}.Debug|x86.ActiveCfg = Debug|Win32
		{4E61EB11-A3DD-4DE3-BFF8-8CE0F9F7D324}.Debug|x86.Build.0 = Debug|Win32
		{4E61EB11-A3DD-4DE3-BFF8-8CE0F9F7D324}.Release|x64.ActiveCfg = Release|x64
		{4E61EB11-A3DD-4DE3-BFF8-8CE0F9F7D324}.Release|x64.Build.0 = Release|x64
		{4E61EB11-A3DD-4DE3-BFF8-8CE0F9F7D324}.Release|x86.ActiveCfg = Release|Win32
		{4E61EB11-A3DD-4DE3-BFF8-8CE0F9F7D324}.Release|x86.Build.0 = Release|Win32
		{FF80B8FC-D7AB-455D-AB4E-3D2BF5C74022}.Debug|x64.ActiveCfg = Debug|x64
		{FF80B8FC-D7AB-455D-AB4E-3D2BF5C74022}.Debug|x64.Build.0 = Debug|x64
		{FF80B8FC-D7AB-455D-AB4E-3D2BF5C74022}.Debug|x86.ActiveCfg = Debug|Win32
		{FF80B8FC-D7AB-455D-AB4E-3D2BF5C74022}.Debug|x86.Build.0 = Debug|Win32
		{FF80B8FC-D7AB-455D-AB4E-3D2BF5C74022}.Release|x64.ActiveCfg = Release|x64
		{FF80B8FC-D7AB-455D-AB4E-3D2BF5C74022}.Release|x64.Build.0 = Release|x64
		{FF80B8FC-D7AB-455D-AB4E-3D2BF5C74022}.Release|x86.ActiveCfg = Release|Win32
		{FF80B8FC-D7AB-455D-AB4E-3D2BF5C74022}.Release|x86.Build.0 = Release|Win32
		{D4EACD64-24E0-4D3F-9EDE-6BD6589DDAFF}.Debug|x64.ActiveCfg = Debug|x64
		{D4EACD64-24E0-4D3F-9EDE-6BD6589DDAFF}.Debug|x64.Build.0 = Debug|x64
		{D4EACD64-24E0-4D3F-9EDE-6BD6589DDAFF}.Debug|x86.ActiveCfg = Debug|Win32
		{D4EACD64-24E0-4D3F-9EDE-6BD6589DDAFF}.Debug|x86.Build.0 = Debug|Win32
		{D4EACD64-24E0-4D3F-9EDE-6BD6589DDAFF}.Release|x64.ActiveCfg = Release|x64
		{D4EACD64-24E0-4D3F-9EDE-6BD6589DDAFF}.Release|x64.Build.0 = Release|x64
		{D4EACD64-24E0-4D3F-9EDE-6BD6589DDAFF}.Release|x86.ActiveCfg = Release|Win32
		{D4EACD64-24E0-4D3F-9EDE-6BD6589DDAFF}.Release|x86.Build.0 = Release|Win32
		{2B4A5F9A-4367-4ABD-A0AE-B9FC14C025BC}.Debug|x64.ActiveCfg = Debug|x64
		{2B4A5F9A-4367-4ABD-A0AE-B9FC14C025BC}.Debug|x64.Build.0 = Debug|x64
		{2B4A5F9A-4367-4ABD-A0AE-B9FC14C025BC}.Debug|x86.ActiveCfg = Debug|Win32
		{2B4A5F9A-4367-4ABD-A0AE-B9FC14C025BC}.Debug|x86.Build.0 = Debug|Win32
		{2B4A5F9A-4367-4ABD-A0AE-B9FC14C025BC}.Release|x64.ActiveCfg = Release|x64
		{2B4A5F9A-4367-4ABD-A0AE-B9FC14C025BC}.Release|x64.Build.0 = Release|x64
		{2B4A5F9A-4367-4ABD-A0AE-B9FC14C025BC}.Release|x86.ActiveCfg = Release|Win32
		{2B4A5F9A-4367-4ABD-A0AE-B9FC14C025BC}.Release|x86.Build.0 = Release|Win32
		{5BD41551-78F1-4A7A-972F-42220EAE319D}.Debug|x64.ActiveCfg = Debug|x64
		{5BD41551-78F1-4A7A-972F-42220EAE319D}.Debug|x64.Build.0 = Debug|x64
		{5BD41551-78F1-4A7A-972F-42220EAE319D}.Debug|x86.ActiveCfg = Debug|Win32
		{5BD41551-78F1-4A7A-972F-42220EAE319D}.Debug|x86.Build.0 = Debug|Win32
		{5BD41551-78F1-4A7A-972F-42220EAE319D}.Release|x64.ActiveCfg = Release|x64
		{5BD41551-78F1-4A7A-972F-42220EAE319D}.Release|x64.Build.0 = Release|x64
		{5BD41551-78F1-4A7A-972F-42220EAE319D}.Release|x86.ActiveCfg = Release|Win32
		{5BD41551-78F1-4A7A-972F-42220EAE319D}.Release|x86.Build.0 = Release|Win32
		{3393DC1B-DD21-42D8-B99F-1B5E87ACD308}.Debug|x64.ActiveCfg = Debug|x64
		{3393DC1B-DD21-42D8-B99F-1B5E87ACD308}.Debug|x64.Build.0 = Debug|x64
		{3393DC1B-DD21-42D8-B99F-1B5E87ACD308}.Debug|x86.ActiveCfg = Debug|Win32
		{3393DC1B-DD21-42D8-B99F-1B5E87ACD308}.Debug|x86.Build.0 = Debug|Win32
		{3393DC1B-DD21-42D8-B99F-1B5E87ACD308}.Release|x64.ActiveCfg = Release|x64
		{3393DC1B-DD21-42D8-B99F-1B5E87ACD308}.Release|x64.Build.0 = Release|x64
		{3393DC1B-DD21-42D8-B99F-1B5E87ACD308}.Release|x86.ActiveCfg = Release|Win32
		{3393DC1B-DD21-42D8-B99F-1B5E87ACD308}.Release|x86.Build.0 = Release|Win32
		{9DB34253-746A-4FE7-A684-A089F59B36EF}.Debug|x64.ActiveCfg = Debug|x64
		{9DB34253-746A-4FE7-A684-A089F59B36EF}.Debug|x64.Build.0 = Debug|x64
		{9DB34253-746A-4FE7-A684-A089F59B36EF}.Debug|x86.ActiveCfg = Debug|Win32
		{9DB34253-746A-4FE7-A684-A089F59B36EF}.Debug|x86.Build.0 = Debug|Win32
		{9DB34253-746A-4FE7-A684-A089F59B36EF}.Release|x64.ActiveCfg = Release|x64
		{9DB34253-746A-4FE7-A684-A089F59B36EF}.Release|x64.Build.0 = Release|x64
		{9DB34253-746A-4FE7-A684-A089F59B36EF}.Release|x86.ActiveCfg = Release|Win32
		{9DB34253-746A-4FE7-A684-A089F59B36EF}.Release|x86.Build.0 = Release|Win32
		{2A2DF073-1CF6-4503-8152-1AF4F5D95FF8}.Debug|x64.ActiveCfg = Debug|x64
		{2A2DF073-1CF6-4503-8152-1AF4F5D95FF8}.Debug|x64.Build.0 = Debug|x64
		{2A2DF073-1CF6-4503-8152-1AF4F5D95FF8}.Debug|x86.ActiveCfg = Debug|Win32
		{2A2DF073-1CF6-4503-8152-1AF4F5D95FF8}.Debug|x86.Build.0 = Debug|Win32
		{2A2DF073-1CF6-4503-8152-1AF4F5D95FF8}.Release|x64.ActiveCfg = Release|x64
		{2A2DF073-1CF6-4503-8152-1AF4F5D95FF8}.Release|x64.Build.0 = Release|x64
		{2A2DF073-1CF6-4503-8152-1AF4F5D95FF8}.Release|x86.ActiveCfg = Release|Win32
		{2A2DF073-1CF6-4503-8152-1AF4F5D95FF8}.Release|x86.Build.0 = Release|Win32
		{1F97F2B1-98B6-4016-8C63-C35C11E3FC93}.Debug|x64.ActiveCfg = Debug|x64
		{1F97F2B1-98B6-4016-8C63-C35C11E3FC93}.Debug|x64.Build.0 = Debug|x64
		{1F97F2B1-98B6-4016-8C63-C35C11E3FC93}.Debug|x86.ActiveCfg = Debug|Win32
		{1F97F2B1-98B6-4016-8C63-C35C11E3FC93}.Debug|x86.Build.0 = Debug|Win32
		{1F97F2B1-98B6-4016-8C63-C35C11E3FC93}.Release|x64.ActiveCfg = Release|x64
		{1F97F2B1-98B6-4016-8C63-C35C11E3FC93}.Release|x64.Build.0 = Release|x64
		{1F97F2B1-98B6-4016-8C63-C35C11E3FC93}.Release|x86.ActiveCfg = Release|Win32
		{1F97F2B1-98B6-4016-8C63-C35C11E3FC93}.Release|x86.Build.0 = Release|Win32
		{6B182C6D-058D-453D-BFF7-AA92B6DFE87E}.Debug|x64.ActiveCfg = Debug|x64
		{6B182C6D-058D-453D-BFF7-AA92B6DFE87E}.Debug|x64.Build.0 = Debug|x64
		{6B182C6D-058D-453D-BFF7-AA92B6DFE87E}.Debug|x86.ActiveCfg = Debug|Win32
		{6B182C6D-058D-453D-BFF7-AA92B6DFE87E}.Debug|x86.Build.0 = Debug|Win32
		{6B182C6D-058D-453D-BFF7-AA92B6DFE87E}.Release|x64.ActiveCfg = Release|x64
		{6B182C6D-058D-453D-BFF7-AA92B6DFE87E}.Release|x64.Build.0 = Release|x64
		{6B182C6D-058D-453D-BFF7-AA92B6DFE87E}.Release|x86.ActiveCfg = Release|Win32
		{6B182C6D-058D-453D-BFF7-AA92B6DFE87E}.Release|x86.Build.0 = Release|Win32
		{8BC28BF2-CEC8-4676-8F9E-16062990015B}.Debug|x64.ActiveCfg = Debug|x64
		{8BC28BF2-CEC8-4676-8F9E-16062990015B}.Debug|x64.Build.0 = Debug|x64
		{8BC28BF2-CEC8-4676-8F9E-16062990015B}.Debug|x86.ActiveCfg = Debug|Win32
		{8BC28BF2-CEC8-4676-8F9E-16062990015B}.Debug|x86.Build.0 = Debug|Win32
		{8BC28BF2-CEC8-4676-8F9E-16062990015B}.Release|x64.ActiveCfg = Release|x64
		{8BC28BF2-CEC8-4676-8F9E-16062990015B}.Release|x64.Build.0 = Release|x64
		{8BC28BF2-CEC8-4676-8F9E-16062990015B}.Release|x86.ActiveCfg = Release|Win32
		{8BC28BF2-CEC8-4676-8F9E-16062990015B}.Release|x86.Build.0 = Release|Win32
		{F773B17A-021F-4599-A71E-BB234AF2865C}.Debug|x64.ActiveCfg = Debug|x64
		{F773B17A-021F-4599-A71E-BB234AF2865C}.Debug|x64.Build.0 = Debug|x64
		{F773B17A-021F-4599-A71E-BB234AF2865C}.Debug|x86.ActiveCfg = Debug|Win32
		{F773B17A-021F-4599-A71E-BB234AF2865C}.Debug|x86.Build.0 = Debug|Win32
		{F773B17A-021F-4599-A71E-BB234AF2865C}.Release|x64.ActiveCfg = Release|x64
		{F773B17A-021F-4599-A71E-BB234AF2865C}.Release|x64.Build.0 = Release|x64
		{F773B17A-021F-4599-A71E-BB234AF2865C}.Release|x86.ActiveCfg = Release|Win32
		{F773B17A-021F-4599-A71E-BB234AF2865C}.Release|x86.Build.0 = Release|Win32
		{68840E9D-C544-461C-819C-0AB8C2D1AAC6}.Debug|x64.ActiveCfg = Debug|x64
		{68840E9D-C544-461C-819C-0AB8C2D1AAC6}.Debug|x64.Build.0 = Debug|x64
		{68840E9D-C544-461C-819C-0AB8C2D1AAC6}.Debug|x86.ActiveCfg = Debug|Win32
		{68840E9D-C544-461C-819C-0AB8C2D1AAC6}.Debug|x86.Build.0 = Debug|Win32
		{68840E9D-C544-461C-819C-0AB8C2D1AAC6}.Release|x64.ActiveCfg = Release|x64
		{68840E9D-C544-461C-819C-0AB8C2D1AAC6}.Release|x64.Build.0 = Release|x64
		{68840E9D-C544-461C-819C-0AB8C2D1AAC6}.Release|x86.ActiveCfg = Release|Win32
		{68840E9D-C544-461C-819C-0AB8C2D1AAC6}.Release|x86.Build.0 = Release|Win32
		{E9AAC3F7-61F6-4158-8D71-A207E925F43F}.Debug|x64.ActiveCfg = Debug|x64
		{E9AAC3F7-61F6-4158-8D71-A207E925F43F}.Debug|x64.Build.0 = Debug|x64
		{E9AAC3F7-61F6-4158-8D71-A207E925F43F}.Debug|x86.ActiveCfg = Debug|Win32
		{E9AAC3F7-61F6-4158-8D71-A207E925F43F}.Debug|x86.Build.0 = Debug|Win32
		{E9AAC3F7-61F6-4158-8D71-A207E925F43F}.Release|x64.ActiveCfg = Release|x64
		{E9AAC3F7-61F6-4158-8D71-A207E925F43F}.Release|x64.Build.0 = Release|x64
		{E9AAC3F7-61F6-4158-8D71-A207E925F43F}.Release|x86.ActiveCfg = Release|Win32
		{E9AAC3F7-61F6-4158-8D71-A207E925F43F}.Release|x86.Build.0 = Release|Win32
		{024BD3AF-000D-4DD2-9E22-B87CB47EEFDE}.Debug|x64.ActiveCfg = Debug|x64
		{024BD3AF-000D-4DD2-9E22-B87CB47EEFDE}.Debug|x64.Build.0 = Debug|x64
		{024BD3AF-000D-4DD2-9E22-B87CB47EEFDE}.Debug|x86.ActiveCfg = Debug|Win32
		{024BD3AF-000D-4DD2-9E22-B87CB47EEFDE}.Debug|x86.Build.0 = Debug|Win32
		{024BD3AF-000D-4DD2-9E22-B87CB47EEFDE}.Release|x64.ActiveCfg = Release|x64
		{024BD3AF-000D-4DD2-9E22-B87CB47EEFDE}.Release|x64.Build.0 = Release|x64
		{024BD3AF-000D-4DD2-9E22-B87CB47EEFDE}.Release|x86.ActiveCfg = Release|Win32
		{024BD3AF-000D-4DD2-9E22-B87CB47EEFDE}.Release|x86.Build.0 = Release|Win32
		{38A3EF49-E860-4FAF-8AC4-6BD9E9DC062E}.Debug|x64.ActiveCfg = Debug|x64
		{38A3EF49-E860-4FAF-8AC4-6BD9E9DC062E}.Debug|x64.Build.0 = Debug|x64
		{38A3EF49-E860-4FAF-8AC4-6BD9E9DC062E}.Debug|x86.ActiveCfg = Debug|Win32
		{38A3EF49-E860-4FAF-8AC4-6BD9E9DC062E}.Debug|x86.Build.0 = Debug|Win32
		{38A3EF49-E860-4FAF-8AC4-6BD9E9DC062E}.Release|x64.ActiveCfg = Release|x64
		{38A3EF49-E860-4FAF-8AC4-6BD9E9DC062E}.Release|x64.Build.0 = Release|x64
		{38A3EF49-E860-4FAF-8AC4-6BD9E9DC062E}.Release|x86.ActiveCfg = Release|Win32
		{38A3EF49-E860-4FAF-8AC4-6BD9E9DC062E}.Release|x86.Build.0 = Release|Win32
		{FC9DDB34-DBC2-4981-BF18-E890BD0912A7}.Debug|x64.ActiveCfg = Debug|x64
		{FC9DDB34-DBC2-4981-BF18-E890BD0912A7}.Debug|x64.Build.0 = Debug|x64
		{FC9DDB34-DBC2-4981-BF18-E890BD0912A7}.Debug|x86.ActiveCfg = Debug|Win32
		{FC9DDB34-DBC2-4981-BF18-E890BD0912A7}.Debug|x86.Build.0 = Debug|Win32
		{FC9DDB34-DBC2-4981-BF18-E890BD0912A7}.Release|x64.ActiveCfg = Release|x64
		{FC9DDB34-DBC2-4981-BF18-E890BD0912A7}.Release|x64.Build.0 = Release|x64
		{FC9DDB34-DBC2-4981-BF18-E890BD0912A7}.Release|x86.ActiveCfg = Release|Win32
		{FC9DDB34-DBC2-4981-BF18-E890BD0912A7}.Release|x86.Build.0 = Release|Win32
	EndGlobalSection
	GlobalSection(SolutionProperties) = preSolution
		HideSolutionNode = FALSE
	EndGlobalSection
	GlobalSection(ExtensibilityGlobals) = postSolution
		SolutionGuid = {599E841E-9308-452B-9227-274ABF41D9CF}
	EndGlobalSection
EndGlobal
